<?xml version="1.0" encoding="utf-8"?>
<Project ToolsVersion="4.0" xmlns="http://schemas.microsoft.com/developer/msbuild/2003">
  <ItemGroup>
    <Filter Include="Source Files">
      <UniqueIdentifier>{b4e60ada-ef7a-4b3d-ac37-aabaa748237b}</UniqueIdentifier>
      <Extensions>.cpp, .c, .cxx</Extensions>
    </Filter>
    <Filter Include="Header Files">
      <UniqueIdentifier>{1e0aa1eb-4467-4a70-b914-8ef63f477e3e}</UniqueIdentifier>
      <Extensions>.h, .hxx</Extensions>
    </Filter>
  </ItemGroup>
  <ItemGroup>
    <ClCompile Include="src\lang_info.cpp">
      <Filter>Source Files</Filter>
    </ClCompile>
  </ItemGroup>
  <ItemGroup>
    <ClInclude Include="public\inc\EuLang.h">
      <Filter>Header Files</Filter>
    </ClInclude>
  </ItemGroup>
  <ItemGroup>
    <None Include="src\EuLang.def" />
  </ItemGroup>
</Project>