<?xml version="1.0" encoding="utf-8"?>
<Project ToolsVersion="4.0" xmlns="http://schemas.microsoft.com/developer/msbuild/2003">
  <ItemGroup>
    <Filter Include="Source Files">
      <UniqueIdentifier>{e780b3a5-c445-4c8d-9016-390c585c2f2a}</UniqueIdentifier>
      <Extensions>cpp;c;cxx;rc;def;r;odl;idl;hpj;bat</Extensions>
    </Filter>
    <Filter Include="Header Files">
      <UniqueIdentifier>{14e2923d-4be3-469c-94ea-af879c19ad26}</UniqueIdentifier>
      <Extensions>h;hpp;hxx;hm;inl</Extensions>
    </Filter>
    <Filter Include="Resource Files">
      <UniqueIdentifier>{6b32dfab-f603-4c75-b21c-d1dbddf3b2c4}</UniqueIdentifier>
      <Extensions>ico;cur;bmp;dlg;rc2;rct;bin;cnt;rtf;gif;jpg;jpeg;jpe</Extensions>
    </Filter>
  </ItemGroup>
  <ItemGroup>
    <ClCompile Include="src\QCHesiodLib.cpp">
      <Filter>Source Files</Filter>
    </ClCompile>
    <ClCompile Include="src\QCRasConnectionMT.cpp">
      <Filter>Source Files</Filter>
    </ClCompile>
    <ClCompile Include="src\QCSocket.cpp">
      <Filter>Source Files</Filter>
    </ClCompile>
    <ClCompile Include="src\QcWinSockLib.cpp">
      <Filter>Source Files</Filter>
    </ClCompile>
    <ClCompile Include="src\QCWorkerSocket.cpp">
      <Filter>Source Files</Filter>
    </ClCompile>
    <ClCompile Include="..\GSSupport\secchk.c">
      <Filter>Source Files</Filter>
    </ClCompile>
    <ClCompile Include="..\GSSupport\seccinit.c">
      <Filter>Source Files</Filter>
    </ClCompile>
    <ClCompile Include="..\GSSupport\seccook.c">
      <Filter>Source Files</Filter>
    </ClCompile>
    <ClCompile Include="src\StdAfx.cpp">
      <Filter>Source Files</Filter>
    </ClCompile>
  </ItemGroup>
  <ItemGroup>
    <ResourceCompile Include="src\QCSocketVer.rc">
      <Filter>Source Files</Filter>
    </ResourceCompile>
  </ItemGroup>
  <ItemGroup>
    <ClInclude Include="inc\CallbackDefines.h">
      <Filter>Header Files</Filter>
    </ClInclude>
    <ClInclude Include="inc\QCHesiodLib.h">
      <Filter>Header Files</Filter>
    </ClInclude>
    <ClInclude Include="inc\QCRas.h">
      <Filter>Header Files</Filter>
    </ClInclude>
    <ClInclude Include="inc\QCRASConnection.h">
      <Filter>Header Files</Filter>
    </ClInclude>
    <ClInclude Include="inc\QCSockCallbacks.h">
      <Filter>Header Files</Filter>
    </ClInclude>
    <ClInclude Include="inc\QCWinSockLib.h">
      <Filter>Header Files</Filter>
    </ClInclude>
    <ClInclude Include="inc\QCWorkerSocket.h">
      <Filter>Header Files</Filter>
    </ClInclude>
  </ItemGroup>
</Project>